
Microsoft Visual Studio Solution File, Format Version 12.00
# Visual Studio Version 17
VisualStudioVersion = 17.10.35013.160
MinimumVisualStudioVersion = 10.0.40219.1
Project("{FAE04EC0-301F-11D3-BF4B-00C04F79EFBC}") = "GradeManager", "GradeManager.csproj", "{4D5F6686-C8AF-47B1-B6D4-1AE59E7B654F}"
EndProject
Global
	GlobalSection(SolutionConfigurationPlatforms) = preSolution
		Debug|Any CPU = Debug|Any CPU
		Release|Any CPU = Release|Any CPU
	EndGlobalSection
	GlobalSection(ProjectConfigurationPlatforms) = postSolution
		{4D5F6686-C8AF-47B1-B6D4-1AE59E7B654F}.Debug|Any CPU.ActiveCfg = Debug|Any CPU
		{4D5F6686-C8AF-47B1-B6D4-1AE59E7B654F}.Debug|Any CPU.Build.0 = Debug|Any CPU
		{4D5F6686-C8AF-47B1-B6D4-1AE59E7B654F}.Release|Any CPU.ActiveCfg = Release|Any CPU
		{4D5F6686-C8AF-47B1-B6D4-1AE59E7B654F}.Release|Any CPU.Build.0 = Release|Any CPU
	EndGlobalSection
	GlobalSection(SolutionProperties) = preSolution
		HideSolutionNode = FALSE
	EndGlobalSection
	GlobalSection(ExtensibilityGlobals) = postSolution
		SolutionGuid = {1A358DE3-E121-4FB5-BC59-9AEA9CE0D527}
	EndGlobalSection
EndGlobal
