
Microsoft Visual Studio Solution File, Format Version 12.00
# Visual Studio Version 17
VisualStudioVersion = 17.10.35013.160
MinimumVisualStudioVersion = 10.0.40219.1
Project("{FAE04EC0-301F-11D3-BF4B-00C04F79EFBC}") = "MenuDemo", "MenuDemo.csproj", "{F21213E7-C072-42B0-A7F4-7656E6664D1D}"
EndProject
Global
	GlobalSection(SolutionConfigurationPlatforms) = preSolution
		Debug|Any CPU = Debug|Any CPU
		Release|Any CPU = Release|Any CPU
	EndGlobalSection
	GlobalSection(ProjectConfigurationPlatforms) = postSolution
		{F21213E7-C072-42B0-A7F4-7656E6664D1D}.Debug|Any CPU.ActiveCfg = Debug|Any CPU
		{F21213E7-C072-42B0-A7F4-7656E6664D1D}.Debug|Any CPU.Build.0 = Debug|Any CPU
		{F21213E7-C072-42B0-A7F4-7656E6664D1D}.Release|Any CPU.ActiveCfg = Release|Any CPU
		{F21213E7-C072-42B0-A7F4-7656E6664D1D}.Release|Any CPU.Build.0 = Release|Any CPU
	EndGlobalSection
	GlobalSection(SolutionProperties) = preSolution
		HideSolutionNode = FALSE
	EndGlobalSection
	GlobalSection(ExtensibilityGlobals) = postSolution
		SolutionGuid = {660CDA87-2C80-401C-8A3E-7EF13261EB6F}
	EndGlobalSection
EndGlobal
