
Microsoft Visual Studio Solution File, Format Version 12.00
# Visual Studio Version 17
VisualStudioVersion = 17.10.35013.160
MinimumVisualStudioVersion = 10.0.40219.1
Project("{FAE04EC0-301F-11D3-BF4B-00C04F79EFBC}") = "PhoneBook", "PhoneBook.csproj", "{8EBF2AD0-9822-4F4C-84E0-535630361BFD}"
EndProject
Global
	GlobalSection(SolutionConfigurationPlatforms) = preSolution
		Debug|Any CPU = Debug|Any CPU
		Release|Any CPU = Release|Any CPU
	EndGlobalSection
	GlobalSection(ProjectConfigurationPlatforms) = postSolution
		{8EBF2AD0-9822-4F4C-84E0-535630361BFD}.Debug|Any CPU.ActiveCfg = Debug|Any CPU
		{8EBF2AD0-9822-4F4C-84E0-535630361BFD}.Debug|Any CPU.Build.0 = Debug|Any CPU
		{8EBF2AD0-9822-4F4C-84E0-535630361BFD}.Release|Any CPU.ActiveCfg = Release|Any CPU
		{8EBF2AD0-9822-4F4C-84E0-535630361BFD}.Release|Any CPU.Build.0 = Release|Any CPU
	EndGlobalSection
	GlobalSection(SolutionProperties) = preSolution
		HideSolutionNode = FALSE
	EndGlobalSection
	GlobalSection(ExtensibilityGlobals) = postSolution
		SolutionGuid = {4598A1EF-7DCB-4214-8650-6AA9BC522432}
	EndGlobalSection
EndGlobal
