
Microsoft Visual Studio Solution File, Format Version 12.00
# Visual Studio Version 17
VisualStudioVersion = 17.10.35013.160
MinimumVisualStudioVersion = 10.0.40219.1
Project("{FAE04EC0-301F-11D3-BF4B-00C04F79EFBC}") = "Week2", "Week2.csproj", "{72DBDFC9-A230-4B5A-8B84-67E08B48245F}"
EndProject
Global
	GlobalSection(SolutionConfigurationPlatforms) = preSolution
		Debug|Any CPU = Debug|Any CPU
		Release|Any CPU = Release|Any CPU
	EndGlobalSection
	GlobalSection(ProjectConfigurationPlatforms) = postSolution
		{72DBDFC9-A230-4B5A-8B84-67E08B48245F}.Debug|Any CPU.ActiveCfg = Debug|Any CPU
		{72DBDFC9-A230-4B5A-8B84-67E08B48245F}.Debug|Any CPU.Build.0 = Debug|Any CPU
		{72DBDFC9-A230-4B5A-8B84-67E08B48245F}.Release|Any CPU.ActiveCfg = Release|Any CPU
		{72DBDFC9-A230-4B5A-8B84-67E08B48245F}.Release|Any CPU.Build.0 = Release|Any CPU
	EndGlobalSection
	GlobalSection(SolutionProperties) = preSolution
		HideSolutionNode = FALSE
	EndGlobalSection
	GlobalSection(ExtensibilityGlobals) = postSolution
		SolutionGuid = {E3A2E5B7-A1F6-4781-A16D-1575B793947E}
	EndGlobalSection
EndGlobal
