
Microsoft Visual Studio Solution File, Format Version 12.00
# Visual Studio Version 17
VisualStudioVersion = 17.10.35013.160
MinimumVisualStudioVersion = 10.0.40219.1
Project("{FAE04EC0-301F-11D3-BF4B-00C04F79EFBC}") = "Week1", "Week1.csproj", "{33D14BAF-2221-4E08-A169-2929B4C510FC}"
EndProject
Global
	GlobalSection(SolutionConfigurationPlatforms) = preSolution
		Debug|Any CPU = Debug|Any CPU
		Release|Any CPU = Release|Any CPU
	EndGlobalSection
	GlobalSection(ProjectConfigurationPlatforms) = postSolution
		{33D14BAF-2221-4E08-A169-2929B4C510FC}.Debug|Any CPU.ActiveCfg = Debug|Any CPU
		{33D14BAF-2221-4E08-A169-2929B4C510FC}.Debug|Any CPU.Build.0 = Debug|Any CPU
		{33D14BAF-2221-4E08-A169-2929B4C510FC}.Release|Any CPU.ActiveCfg = Release|Any CPU
		{33D14BAF-2221-4E08-A169-2929B4C510FC}.Release|Any CPU.Build.0 = Release|Any CPU
	EndGlobalSection
	GlobalSection(SolutionProperties) = preSolution
		HideSolutionNode = FALSE
	EndGlobalSection
	GlobalSection(ExtensibilityGlobals) = postSolution
		SolutionGuid = {701CE8F7-248F-482E-809C-C447B8E8449D}
	EndGlobalSection
EndGlobal
